
Microsoft Visual Studio Solution File, Format Version 12.00
# Visual Studio Version 16
VisualStudioVersion = 16.0.31129.286
MinimumVisualStudioVersion = 10.0.40219.1
Project("{FAE04EC0-301F-11D3-BF4B-00C04F79EFBC}") = "AccessOwnApi", "AccessOwnApi\AccessOwnApi.csproj", "{249156EE-42F2-4E61-A125-EEC35944765F}"
EndProject
Global
	GlobalSection(SolutionConfigurationPlatforms) = preSolution
		Debug|Any CPU = Debug|Any CPU
		Release|Any CPU = Release|Any CPU
	EndGlobalSection
	GlobalSection(ProjectConfigurationPlatforms) = postSolution
		{249156EE-42F2-4E61-A125-EEC35944765F}.Debug|Any CPU.ActiveCfg = Debug|Any CPU
		{249156EE-42F2-4E61-A125-EEC35944765F}.Debug|Any CPU.Build.0 = Debug|Any CPU
		{249156EE-42F2-4E61-A125-EEC35944765F}.Release|Any CPU.ActiveCfg = Release|Any CPU
		{249156EE-42F2-4E61-A125-EEC35944765F}.Release|Any CPU.Build.0 = Release|Any CPU
	EndGlobalSection
	GlobalSection(SolutionProperties) = preSolution
		HideSolutionNode = FALSE
	EndGlobalSection
	GlobalSection(ExtensibilityGlobals) = postSolution
		SolutionGuid = {C1A10F04-EAE8-47D2-8C3A-05AE4E6B6AEA}
	EndGlobalSection
EndGlobal
